
Microsoft Visual Studio Solution File, Format Version 12.00
# Visual Studio Version 16
VisualStudioVersion = 16.0.29709.97
MinimumVisualStudioVersion = 10.0.40219.1
Project("{FAE04EC0-301F-11D3-BF4B-00C04F79EFBC}") = "Cherry", "Cherry\Cherry.csproj", "{F21DB0E6-59D4-47CF-BBAB-A83C5100F223}"
EndProject
Global
	GlobalSection(SolutionConfigurationPlatforms) = preSolution
		Debug|Any CPU = Debug|Any CPU
		Release|Any CPU = Release|Any CPU
	EndGlobalSection
	GlobalSection(ProjectConfigurationPlatforms) = postSolution
		{F21DB0E6-59D4-47CF-BBAB-A83C5100F223}.Debug|Any CPU.ActiveCfg = Debug|Any CPU
		{F21DB0E6-59D4-47CF-BBAB-A83C5100F223}.Debug|Any CPU.Build.0 = Debug|Any CPU
		{F21DB0E6-59D4-47CF-BBAB-A83C5100F223}.Release|Any CPU.ActiveCfg = Release|Any CPU
		{F21DB0E6-59D4-47CF-BBAB-A83C5100F223}.Release|Any CPU.Build.0 = Release|Any CPU
	EndGlobalSection
	GlobalSection(SolutionProperties) = preSolution
		HideSolutionNode = FALSE
	EndGlobalSection
	GlobalSection(ExtensibilityGlobals) = postSolution
		SolutionGuid = {00CB7EF3-EB5E-4EED-9431-E05C828E8C8C}
	EndGlobalSection
EndGlobal
